{
  "version": 4,
  "terraform_version": "0.15.4",
  "serial": 3,
  "lineage": "b38f47ed-e4cd-0cac-35eb-a94768875bff",
  "outputs": {},
  "resources": [
    {
      "mode": "data",
      "type": "aws_subnet",
      "name": "default",
      "provider": "provider[\"registry.terraform.io/hashicorp/aws\"]",
      "instances": [
        {
          "schema_version": 0,
          "attributes": {
            "arn": "arn:aws:ec2:us-west-2:382132680530:subnet/subnet-0faa99d5c6c643f68",
            "assign_ipv6_address_on_creation": false,
            "availability_zone": "us-west-2b",
            "availability_zone_id": "usw2-az2",
            "available_ip_address_count": 250,
            "cidr_block": "172.30.1.0/24",
            "customer_owned_ipv4_pool": "",
            "default_for_az": false,
            "filter": null,
            "id": "subnet-0faa99d5c6c643f68",
            "ipv6_cidr_block": null,
            "ipv6_cidr_block_association_id": null,
            "map_customer_owned_ip_on_launch": false,
            "map_public_ip_on_launch": true,
            "outpost_arn": "",
            "owner_id": "382132680530",
            "state": "available",
            "tags": {},
            "vpc_id": "vpc-0f60ab26c83e5ad13"
          },
          "sensitive_attributes": []
        }
      ]
    },
    {
      "mode": "data",
      "type": "aws_subnet",
      "name": "default2",
      "provider": "provider[\"registry.terraform.io/hashicorp/aws\"]",
      "instances": [
        {
          "schema_version": 0,
          "attributes": {
            "arn": "arn:aws:ec2:us-west-2:382132680530:subnet/subnet-0aaae6a359339791e",
            "assign_ipv6_address_on_creation": false,
            "availability_zone": "us-west-2c",
            "availability_zone_id": "usw2-az3",
            "available_ip_address_count": 250,
            "cidr_block": "172.30.2.0/24",
            "customer_owned_ipv4_pool": "",
            "default_for_az": false,
            "filter": null,
            "id": "subnet-0aaae6a359339791e",
            "ipv6_cidr_block": null,
            "ipv6_cidr_block_association_id": null,
            "map_customer_owned_ip_on_launch": false,
            "map_public_ip_on_launch": true,
            "outpost_arn": "",
            "owner_id": "382132680530",
            "state": "available",
            "tags": {},
            "vpc_id": "vpc-0f60ab26c83e5ad13"
          },
          "sensitive_attributes": []
        }
      ]
    },
    {
      "mode": "managed",
      "type": "aws_eks_cluster",
      "name": "name",
      "provider": "provider[\"registry.terraform.io/hashicorp/aws\"]",
      "instances": [
        {
          "schema_version": 0,
          "attributes": {
            "arn": "arn:aws:eks:us-west-2:382132680530:cluster/test-eks",
            "certificate_authority": [
              {
                "data": "LS0tLS1CRUdJTiBDRVJUSUZJQ0FURS0tLS0tCk1JSUM1ekNDQWMrZ0F3SUJBZ0lCQURBTkJna3Foa2lHOXcwQkFRc0ZBREFWTVJNd0VRWURWUVFERXdwcmRXSmwKY201bGRHVnpNQjRYRFRJeE1EVXpNREEyTXpRd01Gb1hEVE14TURVeU9EQTJNelF3TUZvd0ZURVRNQkVHQTFVRQpBeE1LYTNWaVpYSnVaWFJsY3pDQ0FTSXdEUVlKS29aSWh2Y05BUUVCQlFBRGdnRVBBRENDQVFvQ2dnRUJBTG40CkNralM2dlRzN0ZJZUFRbmxISVk4dlZ0QXFQaE5XUVdkaGpUVCt2aUJ2clkxMW96dE9RM3pORHBBdlFmd3Z6ekoKR1BQWGpKbTVvREZ2TG50ODFqOXd4UTlwREVTdGJIL0dzckM5ekIxNlp2OWNVWk9KeFpvbzJLbE9icWxUdy93OQp3QnJVeFJJVWpBajllL0I3LzBLTHV4c2oveXI3Y3Fod3VQaVFDWXlWdGY0Q2VDa3F3OU1mU2JyWng3Q0U2ZkhZCmZwdGcyT01oN0o4cnovSnd6Z25PbDJIb093WWlOMjdXM1JnQ055OGgzQ2lSUVlpUURjKzQ0d056VXlmV0tiMFgKMFlmejIwZnlWbXU5T0hHakJlalRZM0d5N05NanpvU01hU2REelZHclNSWG80ejl5Njd3NXR5RXdYZjk5WUwyegp2bCt3UFNLbmZybHRYRjZ4N3FjQ0F3RUFBYU5DTUVBd0RnWURWUjBQQVFIL0JBUURBZ0trTUE4R0ExVWRFd0VCCi93UUZNQU1CQWY4d0hRWURWUjBPQkJZRUZOeVoxUXB6aUlGa3YrN0FvcmdQcFpyYkRMMklNQTBHQ1NxR1NJYjMKRFFFQkN3VUFBNElCQVFCdGFKdzcvNUU4ZGNKZitnVXhvTmxNOHdUQ3pYOTFQR1A3VDgzUWVEd1hRTStieFdDNApTVFlDMHRFY1M3WW1SOE5mRkdUMmpMak1laUI2UzVINCtVN1ozbFdSUjczb3pqWWFHeWRxOWF1Q2JINFF1K3R0CnNkZndhRFZodnROS1VwUlVJVGw0VmI5N0ZMTnptUmZmc29TYTBoZlRVSlZwS1hMOW9YbzZxR3Fod1lOR1FaYTYKMmpXQTVacHF5MnE0NUE4U1VhbFVWU2M4b3UwN1ROcEdRQlhqVUFEOUVNS1BvYlFuWDROeEcvb1VvNmVycjFmMwpGOUJXN3RXZUt2ZjU2RDd0RzQ2U1pPRng5UjUzcm1GRkxUTFAzRVl1U2FLeXhqYzI5eFlzZG4rcU1MUjQwV1lVCjU5ZTQxYzdZSHJ5R2VuYWNzQjVjdktTYjNHVCtramVpemxvcQotLS0tLUVORCBDRVJUSUZJQ0FURS0tLS0tCg=="
              }
            ],
            "created_at": "2021-05-30 06:27:22.87 +0000 UTC",
            "enabled_cluster_log_types": null,
            "encryption_config": [],
            "endpoint": "https://1B404BE382DE3B6F86384028CAC17A04.yl4.us-west-2.eks.amazonaws.com",
            "id": "test-eks",
            "identity": [
              {
                "oidc": [
                  {
                    "issuer": "https://oidc.eks.us-west-2.amazonaws.com/id/1B404BE382DE3B6F86384028CAC17A04"
                  }
                ]
              }
            ],
            "kubernetes_network_config": [
              {
                "service_ipv4_cidr": "10.100.0.0/16"
              }
            ],
            "name": "test-eks",
            "platform_version": "eks.5",
            "role_arn": "arn:aws:iam::382132680530:role/eks-cluster-role",
            "status": "ACTIVE",
            "tags": null,
            "tags_all": {},
            "timeouts": null,
            "version": "1.19",
            "vpc_config": [
              {
                "cluster_security_group_id": "sg-0901a3910cad8b489",
                "endpoint_private_access": false,
                "endpoint_public_access": true,
                "public_access_cidrs": [
                  "0.0.0.0/0"
                ],
                "security_group_ids": null,
                "subnet_ids": [
                  "subnet-0aaae6a359339791e",
                  "subnet-0faa99d5c6c643f68"
                ],
                "vpc_id": "vpc-0f60ab26c83e5ad13"
              }
            ]
          },
          "sensitive_attributes": [],
          "private": "eyJlMmJmYjczMC1lY2FhLTExZTYtOGY4OC0zNDM2M2JjN2M0YzAiOnsiY3JlYXRlIjoxODAwMDAwMDAwMDAwLCJkZWxldGUiOjkwMDAwMDAwMDAwMCwidXBkYXRlIjozNjAwMDAwMDAwMDAwfX0=",
          "dependencies": [
            "data.aws_subnet.default",
            "data.aws_subnet.default2"
          ]
        }
      ]
    }
  ]
}
